<Solution>
  <Folder Name="/.props/">
    <File Path="Directory.Build.props" />
    <File Path="Directory.Packages.props" />
  </Folder>
  <Folder Name="/docs/">
    <File Path="Docs/BlockQuickSort_DuplicateCheck.md" />
    <File Path="Docs/PDQSort_Go_Implementation_Guide.md" />
    <File Path="Docs/PDQSort_Implementation_Comparison.md" />
    <File Path="Docs/SortArchitecture.md" />
    <File Path="Docs/SortArchitecture_Release_ButStatistics.md" />
    <File Path="Docs/TODO.md" />
    <File Path="Docs/VisualizationWeb.md" />
    <File Path="Docs/VisualizationWeb_ComparisonMode_Implementation_Status.md" />
    <File Path="Docs/VisualizationWeb_ComparisonMode_Performance.md" />
    <File Path="Docs/VisualizationWeb_ExecutionTimeVisualization.md" />
    <File Path="Docs/VisualizationWeb_Implementation_Status.md" />
    <File Path="Docs/VisualizationWeb_LoadingState_Spec.md" />
    <File Path="Docs/VisualizationWeb_PerformanceAccuracy.md" />
    <File Path="Docs/VisualizationWeb_Performance_Analysis.md" />
    <File Path="Docs/VisualizationWeb_PictureRow_Bug_Analysis.md" />
    <File Path="Docs/VisualizationWeb_Rendering_Performance_Improvement.md" />
    <File Path="Docs/VisualizationWeb_Sound_Spec.md" />
    <File Path="Docs/VisualizationWeb_tutorial.md" />
    <File Path="Docs/VisualizationWeb_tutorial_phase_role_design.md" />
    <File Path="Docs/VisualizationWeb_UIUX_Spec.md" />
  </Folder>
  <Folder Name="/sandbox/">
    <Project Path="sandbox/AntiQuickSortDemo/AntiQuickSortDemo.csproj" />
  </Folder>
  <Folder Name="/src/">
    <Project Path="src/SortAlgorithm.Benchmark/SortAlgorithm.Benchmark.csproj" />
    <Project Path="src/SortAlgorithm.VisualizationWeb/SortAlgorithm.VisualizationWeb.csproj" />
    <Project Path="src/SortAlgorithm/SortAlgorithm.csproj" />
  </Folder>
  <Folder Name="/tests/">
    <Project Path="tests/SortAlgorithm.Tests/SortAlgorithm.Tests.csproj" />
  </Folder>
</Solution>
